U2FsdGVkX19VaWJjbk95a7ucQ/pWMe9eOwc4dO5EDfsPQO0/cn1/yQbfyrtwB9d8
gtmBaMMiXw7hTprF2ndULZxKPVxyyOdLT5jCMN3Z6F/+XiXu4VoQSPuVX1868xQt
7wJWEc9w5epm+930uQYK42PTkCACah2qkT5YYuCs4YN+8K+Ckakxy7X0iFVClIpD
ypQc3i05CdFNjusVeND9j0K+MaNmB9k+bITGZUO3jjkSUyCbuk2o4pXWCiCHtANN
L/otboCAICpojZ4npo+e4eSzLexnBSeHftdCBX+MfgpuXiadBHZa3/f4G9zhK9y5
F0tsqQvdpiefnCpR+UgfL0+FAp0kHnP5pAs/6XRwDsLmpmPUrYWBbkdVn41H/U+t
f5YVgnOQdRBOYNbrbUQDvB+F+ciAz4sarTpFMWlEOe7DVayEjlIpIScd3zgD3s7Q
umhMNytBG7jsUyKTxobnrFInwthkv4FcNZtvswMGekjohF2/hi4vK09+7tpw8kP5
Ydor0Td7d1E5A0YwSMUPscOt8+R6ds7QW99kqYcMWefy7QLGSxrOP1b9EPutKobX
iPJHI26u+bzp/CAhU+MqX0K+MaNmB9k+bITGZUO3jjnr/embSbsV5W7r8EW/r9Rw
+kKy4ifKzvT3HEH8ZuxwjFG94W054/BiwqTA3BsAexv0N+ZyKQ0eYsU0d12fufMD
rMGibQUZWRe4hcoM2oY0mXZJwF2om8N9IUdmpWsfqqm8JTWidRCPTESh8r4EftJh
D64MLdbL16sLtCer6bIj1wOAUA8zLHXzdQ79px9xezVb9VamNQiCl4aWNRs1q8+n
cvw4l5A8ZBCeO8H8Ifb4TjWNN+5ueoKMEfSY0A22J8z0N+ZyKQ0eYsU0d12fufMD
rMGibQUZWRe4hcoM2oY0me6ptT+qrTgOcZu22Jcpe7UGmH9LQ3HkSDoRjcdDwWWN
2Y0au+l/eiV7cf3Dp+qS3AdrzJ55w7ItXslhFUhRnJHYwv9EC9UGv7x7Z4I+jmY3
Z6Ajbz2O+YBbezHnOlwZuTovb1h9sCPrn+xVzVJABY79R8WNrNtIRFvnZ3ooq64N
pph7BDZCegUGdB8VMcbI0VR7OYZNKA1TwwPbwbXlwp3f7xAxUfcI65hEHcewePoM
oH4YoPsn0oGj9YJBkabCbOWgyhjsHdLhohepynFTeEc=
